<?xml version="1.0" encoding="utf-8"?>
<Project ToolsVersion="4.0" xmlns="http://schemas.microsoft.com/developer/msbuild/2003">
  <ItemGroup>
    <Filter Include="Header Files">
      <UniqueIdentifier>{93995380-89BD-4b04-88EB-625FBE52EBFB}</UniqueIdentifier>
      <Extensions>h;hpp;hxx;hm;inl;inc;xsd</Extensions>
    </Filter>
    <Filter Include="Resource Files">
      <UniqueIdentifier>{67DA6AB6-F800-4c08-8B7A-83BB121AAD01}</UniqueIdentifier>
      <Extensions>rc;ico;cur;bmp;dlg;rc2;rct;bin;rgs;gif;jpg;jpeg;jpe;resx;tiff;tif;png;wav;mfcribbon-ms</Extensions>
    </Filter>
    <Filter Include="util">
      <UniqueIdentifier>{04984f38-1b3e-4ae0-8c05-d46a2751fa75}</UniqueIdentifier>
    </Filter>
    <Filter Include="mmgr">
      <UniqueIdentifier>{36e74e30-5701-4a02-bdc0-312e432daf5c}</UniqueIdentifier>
    </Filter>
    <Filter Include="RenderSys">
      <UniqueIdentifier>{0df6e1fe-4fd7-478e-bc08-e5984d0dc88c}</UniqueIdentifier>
    </Filter>
    <Filter Include="InputSys">
      <UniqueIdentifier>{e0efd3f6-433e-4957-8390-d7a881769307}</UniqueIdentifier>
    </Filter>
    <Filter Include="AppLayer">
      <UniqueIdentifier>{aaa250af-e19e-442e-853d-00a73fda9cbe}</UniqueIdentifier>
    </Filter>
    <Filter Include="RenderSys\Resource">
      <UniqueIdentifier>{b71fa5c2-f153-44db-91e2-7f8f5ed05baf}</UniqueIdentifier>
    </Filter>
    <Filter Include="AppLayer\System">
      <UniqueIdentifier>{e86c8faf-d100-4378-9d80-576c1385a215}</UniqueIdentifier>
    </Filter>
    <Filter Include="AppLayer\Scene">
      <UniqueIdentifier>{f947572f-ccda-4406-8a71-208790d4493c}</UniqueIdentifier>
    </Filter>
    <Filter Include="AppLayer\App">
      <UniqueIdentifier>{79cfe2ed-f7e0-4c8d-a55f-fbc3a92505ab}</UniqueIdentifier>
    </Filter>
    <Filter Include="RenderSys\SoftwareRenderer">
      <UniqueIdentifier>{53171b20-7668-494b-9214-f8703dd3b144}</UniqueIdentifier>
    </Filter>
    <Filter Include="RenderSys\SoftwareRenderer\swShader">
      <UniqueIdentifier>{131c4f7c-b557-4ba2-ad13-e5289435735f}</UniqueIdentifier>
    </Filter>
    <Filter Include="Renderer">
      <UniqueIdentifier>{9ae0fe04-50ae-4def-b753-6e4ded74d757}</UniqueIdentifier>
    </Filter>
  </ItemGroup>
  <ItemGroup>
    <None Include="small.ico">
      <Filter>Resource Files</Filter>
    </None>
    <None Include="SoftRenderer.ico">
      <Filter>Resource Files</Filter>
    </None>
  </ItemGroup>
  <ItemGroup>
    <ClInclude Include="stdafx.h">
      <Filter>Header Files</Filter>
    </ClInclude>
    <ClInclude Include="targetver.h">
      <Filter>Header Files</Filter>
    </ClInclude>
    <ClInclude Include="Resource.h">
      <Filter>Header Files</Filter>
    </ClInclude>
    <ClInclude Include="prerequisite.h">
      <Filter>Header Files</Filter>
    </ClInclude>
    <ClInclude Include="util\math_def.h">
      <Filter>util</Filter>
    </ClInclude>
    <ClInclude Include="util\vector.h">
      <Filter>util</Filter>
    </ClInclude>
    <ClInclude Include="util\pathutil.h">
      <Filter>util</Filter>
    </ClInclude>
    <ClInclude Include="SrBitmap.h">
      <Filter>RenderSys\Resource</Filter>
    </ClInclude>
    <ClInclude Include="util\matrix.h">
      <Filter>util</Filter>
    </ClInclude>
    <ClInclude Include="util\quaternion.h">
      <Filter>util</Filter>
    </ClInclude>
    <ClInclude Include="util\timer.h">
      <Filter>util</Filter>
    </ClInclude>
    <ClInclude Include="SrMesh.h">
      <Filter>RenderSys\Resource</Filter>
    </ClInclude>
    <ClInclude Include="SrObjLoader.h">
      <Filter>RenderSys\Resource</Filter>
    </ClInclude>
    <ClInclude Include="util\memfile.h">
      <Filter>util</Filter>
    </ClInclude>
    <ClInclude Include="InputManager.h">
      <Filter>InputSys</Filter>
    </ClInclude>
    <ClInclude Include="SoftRenderApp.h">
      <Filter>AppLayer\System</Filter>
    </ClInclude>
    <ClInclude Include="Keyboard.h">
      <Filter>InputSys</Filter>
    </ClInclude>
    <ClInclude Include="Mouse.h">
      <Filter>InputSys</Filter>
    </ClInclude>
    <ClInclude Include="util\thread.h">
      <Filter>util</Filter>
    </ClInclude>
    <ClInclude Include="util\event.h">
      <Filter>util</Filter>
    </ClInclude>
    <ClInclude Include="SrProfiler.h">
      <Filter>AppLayer\System</Filter>
    </ClInclude>
    <ClInclude Include="SrMaterial.h">
      <Filter>RenderSys\Resource</Filter>
    </ClInclude>
    <ClInclude Include="SrResource.h">
      <Filter>RenderSys\Resource</Filter>
    </ClInclude>
    <ClInclude Include="SrTexture.h">
      <Filter>RenderSys\Resource</Filter>
    </ClInclude>
    <ClInclude Include="SrRenderTexture.h">
      <Filter>RenderSys\Resource</Filter>
    </ClInclude>
    <ClInclude Include="SrResourceManager.h">
      <Filter>RenderSys\Resource</Filter>
    </ClInclude>
    <ClInclude Include="SrScene.h">
      <Filter>AppLayer\Scene</Filter>
    </ClInclude>
    <ClInclude Include="SrCamera.h">
      <Filter>AppLayer\Scene</Filter>
    </ClInclude>
    <ClInclude Include="SrEntity.h">
      <Filter>AppLayer\Scene</Filter>
    </ClInclude>
    <ClInclude Include="SrDefaultMedia.h">
      <Filter>RenderSys\Resource</Filter>
    </ClInclude>
    <ClInclude Include="SrAppFramework.h">
      <Filter>AppLayer\App</Filter>
    </ClInclude>
    <ClInclude Include="util\sr_intrinsic_hack.h">
      <Filter>util</Filter>
    </ClInclude>
    <ClInclude Include="SrSponzaApp.h">
      <Filter>AppLayer\App</Filter>
    </ClInclude>
    <ClInclude Include="RendererBase.h">
      <Filter>RenderSys</Filter>
    </ClInclude>
    <ClInclude Include="SrRenderContext.h">
      <Filter>RenderSys</Filter>
    </ClInclude>
    <ClInclude Include="SrShader.h">
      <Filter>RenderSys\Resource</Filter>
    </ClInclude>
    <ClInclude Include="SrSwShader.h">
      <Filter>RenderSys\SoftwareRenderer\swShader</Filter>
    </ClInclude>
    <ClInclude Include="SrLogger.h">
      <Filter>AppLayer\System</Filter>
    </ClInclude>
    <ClInclude Include="SrModelViewerApp.h">
      <Filter>AppLayer\App</Filter>
    </ClInclude>
    <ClInclude Include="renderer\SrFragmentBuffer.h">
      <Filter>Renderer</Filter>
    </ClInclude>
    <ClInclude Include="renderer\SrRasTaskDispatcher.h">
      <Filter>Renderer</Filter>
    </ClInclude>
    <ClInclude Include="renderer\SrRasTasks.h">
      <Filter>Renderer</Filter>
    </ClInclude>
    <ClInclude Include="renderer\SrRasterizer.h">
      <Filter>Renderer</Filter>
    </ClInclude>
    <ClInclude Include="renderer\SrSoftRenderer.h">
      <Filter>Renderer</Filter>
    </ClInclude>
  </ItemGroup>
  <ItemGroup>
    <ClCompile Include="SrBitmap.cpp">
      <Filter>RenderSys\Resource</Filter>
    </ClCompile>
    <ClCompile Include="SrMesh.cpp">
      <Filter>RenderSys\Resource</Filter>
    </ClCompile>
    <ClCompile Include="SrObjLoader.cpp">
      <Filter>RenderSys\Resource</Filter>
    </ClCompile>
    <ClCompile Include="InputManager.cpp">
      <Filter>InputSys</Filter>
    </ClCompile>
    <ClCompile Include="SoftRenderApp.cpp">
      <Filter>AppLayer\System</Filter>
    </ClCompile>
    <ClCompile Include="main.cpp">
      <Filter>AppLayer\System</Filter>
    </ClCompile>
    <ClCompile Include="stdafx.cpp">
      <Filter>AppLayer\System</Filter>
    </ClCompile>
    <ClCompile Include="Keyboard.cpp">
      <Filter>InputSys</Filter>
    </ClCompile>
    <ClCompile Include="Mouse.cpp">
      <Filter>InputSys</Filter>
    </ClCompile>
    <ClCompile Include="SrProfiler.cpp">
      <Filter>AppLayer\System</Filter>
    </ClCompile>
    <ClCompile Include="util\memfile.cpp">
      <Filter>util</Filter>
    </ClCompile>
    <ClCompile Include="SrMaterial.cpp">
      <Filter>RenderSys\Resource</Filter>
    </ClCompile>
    <ClCompile Include="SrResource.cpp">
      <Filter>RenderSys\Resource</Filter>
    </ClCompile>
    <ClCompile Include="SrTexture.cpp">
      <Filter>RenderSys\Resource</Filter>
    </ClCompile>
    <ClCompile Include="SrRenderTexture.cpp">
      <Filter>RenderSys\Resource</Filter>
    </ClCompile>
    <ClCompile Include="SrResourceManager.cpp">
      <Filter>RenderSys\Resource</Filter>
    </ClCompile>
    <ClCompile Include="SrCamera.cpp">
      <Filter>AppLayer\Scene</Filter>
    </ClCompile>
    <ClCompile Include="SrEntity.cpp">
      <Filter>AppLayer\Scene</Filter>
    </ClCompile>
    <ClCompile Include="SrScene.cpp">
      <Filter>AppLayer\Scene</Filter>
    </ClCompile>
    <ClCompile Include="SrDefaultMedia.cpp">
      <Filter>RenderSys\Resource</Filter>
    </ClCompile>
    <ClCompile Include="mmgr\mmgr.cpp">
      <Filter>mmgr</Filter>
    </ClCompile>
    <ClCompile Include="SrSponzaApp.cpp">
      <Filter>AppLayer\App</Filter>
    </ClCompile>
    <ClCompile Include="SrLogger.cpp">
      <Filter>AppLayer\System</Filter>
    </ClCompile>
    <ClCompile Include="SrModelViewerApp.cpp">
      <Filter>AppLayer\App</Filter>
    </ClCompile>
    <ClCompile Include="renderer\SrFragmentBuffer.cpp">
      <Filter>Renderer</Filter>
    </ClCompile>
    <ClCompile Include="renderer\SrRasTaskDispatcher.cpp">
      <Filter>Renderer</Filter>
    </ClCompile>
    <ClCompile Include="renderer\SrRasTasks.cpp">
      <Filter>Renderer</Filter>
    </ClCompile>
    <ClCompile Include="renderer\SrRasterize_Clip.cpp">
      <Filter>Renderer</Filter>
    </ClCompile>
    <ClCompile Include="renderer\SrRasterizer.cpp">
      <Filter>Renderer</Filter>
    </ClCompile>
    <ClCompile Include="renderer\SrRasterizer_Algo.cpp">
      <Filter>Renderer</Filter>
    </ClCompile>
    <ClCompile Include="renderer\SrSoftRenderer.cpp">
      <Filter>Renderer</Filter>
    </ClCompile>
  </ItemGroup>
  <ItemGroup>
    <ResourceCompile Include="SoftRenderer.rc">
      <Filter>Resource Files</Filter>
    </ResourceCompile>
  </ItemGroup>
</Project>